<<<<<<< HEAD
Last acquired by C:\Users\ASUS\Documents\flutter\bin\cache\dart-sdk\bin\dart.exe (pid 10880) running file:///C:/Users/ASUS/Documents/flutter/bin/cache/flutter_tools.snapshot on 2026-04-02 16:51:15.731609.
=======
Last acquired by C:\src\flutter\bin\cache\dart-sdk\bin\dart.exe (pid 13468) running file:///C:/src/flutter/bin/cache/flutter_tools.snapshot on 2026-04-02 00:45:50.442676.
>>>>>>> 9ed9c25111860f6975ce42cde0aa5fba5647fd84
